
Microsoft Visual Studio Solution File, Format Version 11.00
# Visual C++ Express 2010
Project("{8BC9CEB8-8B4A-11D0-8D11-00A0C91BC942}") = "Networktrainer", "Rhoframework\Rhoframework.vcxproj", "{D37365FC-C279-4044-B92B-8C55FF4262D4}"
	ProjectSection(ProjectDependencies) = postProject
		{3F8D5A1F-414C-4E44-9936-0D03A22E5EB1} = {3F8D5A1F-414C-4E44-9936-0D03A22E5EB1}
		{946DE27F-FB79-44DD-BA9B-3B40C237A00D} = {946DE27F-FB79-44DD-BA9B-3B40C237A00D}
		{45079F9C-ACA9-4BA7-9E77-BB1222498B79} = {45079F9C-ACA9-4BA7-9E77-BB1222498B79}
		{1A51BFE6-540B-4C1A-AC8B-F4E76C39568A} = {1A51BFE6-540B-4C1A-AC8B-F4E76C39568A}
	EndProjectSection
EndProject
Project("{8BC9CEB8-8B4A-11D0-8D11-00A0C91BC942}") = "RhoBase", "RhoBase\RhoBase.vcxproj", "{3F8D5A1F-414C-4E44-9936-0D03A22E5EB1}"
EndProject
Project("{8BC9CEB8-8B4A-11D0-8D11-00A0C91BC942}") = "RhoNNO", "RhoNNO\RhoNNO.vcxproj", "{45079F9C-ACA9-4BA7-9E77-BB1222498B79}"
EndProject
Project("{8BC9CEB8-8B4A-11D0-8D11-00A0C91BC942}") = "RhoMath", "RhoMath\RhoMath.vcxproj", "{946DE27F-FB79-44DD-BA9B-3B40C237A00D}"
EndProject
Project("{8BC9CEB8-8B4A-11D0-8D11-00A0C91BC942}") = "RhoManager", "RhoManager\RhoManager.vcxproj", "{1A51BFE6-540B-4C1A-AC8B-F4E76C39568A}"
EndProject
Project("{8BC9CEB8-8B4A-11D0-8D11-00A0C91BC942}") = "RhoTools", "RhoTools\RhoTools.vcxproj", "{C095DF9A-8957-4706-8978-AC71D5B2664C}"
EndProject
Project("{8BC9CEB8-8B4A-11D0-8D11-00A0C91BC942}") = "RhoConditions", "RhoConditions\RhoConditions.vcxproj", "{EED65896-16E8-4C7F-9F3C-429D66141E7F}"
EndProject
Project("{8BC9CEB8-8B4A-11D0-8D11-00A0C91BC942}") = "RhoSelector", "RhoSelector\RhoSelector.vcxproj", "{33A8D31F-EEE1-4CD6-A1B0-DEAB216BF54F}"
EndProject
Project("{8BC9CEB8-8B4A-11D0-8D11-00A0C91BC942}") = "RhoHistogram", "RhoHistogram\RhoHistogram.vcxproj", "{427DFE8E-54A4-4E24-8961-BAB9B383CAC2}"
EndProject
Project("{8BC9CEB8-8B4A-11D0-8D11-00A0C91BC942}") = "RhoToolsTest", "NetworkTrainer\NetworkTrainer.vcxproj", "{28FB9B6F-14C1-49D1-8BA4-327EA3716A67}"
EndProject
Project("{8BC9CEB8-8B4A-11D0-8D11-00A0C91BC942}") = "Analysis", "Analysis\Analysis.vcxproj", "{090CB28C-F676-4E55-8027-1E8ABAA1851F}"
EndProject
Project("{8BC9CEB8-8B4A-11D0-8D11-00A0C91BC942}") = "PAFSchema", "PAFSchema\PAFSchema.vcxproj", "{7A36E572-4E06-47C3-8701-CC6542B14AD4}"
EndProject
Project("{8BC9CEB8-8B4A-11D0-8D11-00A0C91BC942}") = "KangaSchema", "KangaSchema\KangaSchema.vcxproj", "{CEA72C51-454E-4AC6-99F5-5E2E98CECE37}"
EndProject
Project("{8BC9CEB8-8B4A-11D0-8D11-00A0C91BC942}") = "RhoGA", "RhoGA\RhoGA.vcxproj", "{22136399-7EA1-4C39-8E02-9FAF5D61A4F5}"
EndProject
Project("{8BC9CEB8-8B4A-11D0-8D11-00A0C91BC942}") = "Kaniggels", "Kaniggels\Kaniggels.vcxproj", "{52689B02-719C-4AE4-B2BB-3E1A285791C1}"
EndProject
Global
	GlobalSection(SolutionConfigurationPlatforms) = preSolution
		Debug|Win32 = Debug|Win32
		Release|Win32 = Release|Win32
	EndGlobalSection
	GlobalSection(ProjectConfigurationPlatforms) = postSolution
		{D37365FC-C279-4044-B92B-8C55FF4262D4}.Debug|Win32.ActiveCfg = Debug|Win32
		{D37365FC-C279-4044-B92B-8C55FF4262D4}.Debug|Win32.Build.0 = Debug|Win32
		{D37365FC-C279-4044-B92B-8C55FF4262D4}.Release|Win32.ActiveCfg = Release|Win32
		{D37365FC-C279-4044-B92B-8C55FF4262D4}.Release|Win32.Build.0 = Release|Win32
		{3F8D5A1F-414C-4E44-9936-0D03A22E5EB1}.Debug|Win32.ActiveCfg = Debug|Win32
		{3F8D5A1F-414C-4E44-9936-0D03A22E5EB1}.Debug|Win32.Build.0 = Debug|Win32
		{3F8D5A1F-414C-4E44-9936-0D03A22E5EB1}.Release|Win32.ActiveCfg = Release|Win32
		{3F8D5A1F-414C-4E44-9936-0D03A22E5EB1}.Release|Win32.Build.0 = Release|Win32
		{45079F9C-ACA9-4BA7-9E77-BB1222498B79}.Debug|Win32.ActiveCfg = Debug|Win32
		{45079F9C-ACA9-4BA7-9E77-BB1222498B79}.Debug|Win32.Build.0 = Debug|Win32
		{45079F9C-ACA9-4BA7-9E77-BB1222498B79}.Release|Win32.ActiveCfg = Release|Win32
		{45079F9C-ACA9-4BA7-9E77-BB1222498B79}.Release|Win32.Build.0 = Release|Win32
		{946DE27F-FB79-44DD-BA9B-3B40C237A00D}.Debug|Win32.ActiveCfg = Debug|Win32
		{946DE27F-FB79-44DD-BA9B-3B40C237A00D}.Debug|Win32.Build.0 = Debug|Win32
		{946DE27F-FB79-44DD-BA9B-3B40C237A00D}.Release|Win32.ActiveCfg = Release|Win32
		{946DE27F-FB79-44DD-BA9B-3B40C237A00D}.Release|Win32.Build.0 = Release|Win32
		{1A51BFE6-540B-4C1A-AC8B-F4E76C39568A}.Debug|Win32.ActiveCfg = Debug|Win32
		{1A51BFE6-540B-4C1A-AC8B-F4E76C39568A}.Debug|Win32.Build.0 = Debug|Win32
		{1A51BFE6-540B-4C1A-AC8B-F4E76C39568A}.Release|Win32.ActiveCfg = Release|Win32
		{1A51BFE6-540B-4C1A-AC8B-F4E76C39568A}.Release|Win32.Build.0 = Release|Win32
		{C095DF9A-8957-4706-8978-AC71D5B2664C}.Debug|Win32.ActiveCfg = Debug|Win32
		{C095DF9A-8957-4706-8978-AC71D5B2664C}.Debug|Win32.Build.0 = Debug|Win32
		{C095DF9A-8957-4706-8978-AC71D5B2664C}.Release|Win32.ActiveCfg = Release|Win32
		{C095DF9A-8957-4706-8978-AC71D5B2664C}.Release|Win32.Build.0 = Release|Win32
		{EED65896-16E8-4C7F-9F3C-429D66141E7F}.Debug|Win32.ActiveCfg = Debug|Win32
		{EED65896-16E8-4C7F-9F3C-429D66141E7F}.Debug|Win32.Build.0 = Debug|Win32
		{EED65896-16E8-4C7F-9F3C-429D66141E7F}.Release|Win32.ActiveCfg = Release|Win32
		{EED65896-16E8-4C7F-9F3C-429D66141E7F}.Release|Win32.Build.0 = Release|Win32
		{33A8D31F-EEE1-4CD6-A1B0-DEAB216BF54F}.Debug|Win32.ActiveCfg = Debug|Win32
		{33A8D31F-EEE1-4CD6-A1B0-DEAB216BF54F}.Debug|Win32.Build.0 = Debug|Win32
		{33A8D31F-EEE1-4CD6-A1B0-DEAB216BF54F}.Release|Win32.ActiveCfg = Release|Win32
		{33A8D31F-EEE1-4CD6-A1B0-DEAB216BF54F}.Release|Win32.Build.0 = Release|Win32
		{427DFE8E-54A4-4E24-8961-BAB9B383CAC2}.Debug|Win32.ActiveCfg = Debug|Win32
		{427DFE8E-54A4-4E24-8961-BAB9B383CAC2}.Debug|Win32.Build.0 = Debug|Win32
		{427DFE8E-54A4-4E24-8961-BAB9B383CAC2}.Release|Win32.ActiveCfg = Release|Win32
		{427DFE8E-54A4-4E24-8961-BAB9B383CAC2}.Release|Win32.Build.0 = Release|Win32
		{28FB9B6F-14C1-49D1-8BA4-327EA3716A67}.Debug|Win32.ActiveCfg = Debug|Win32
		{28FB9B6F-14C1-49D1-8BA4-327EA3716A67}.Debug|Win32.Build.0 = Debug|Win32
		{28FB9B6F-14C1-49D1-8BA4-327EA3716A67}.Release|Win32.ActiveCfg = Release|Win32
		{28FB9B6F-14C1-49D1-8BA4-327EA3716A67}.Release|Win32.Build.0 = Release|Win32
		{090CB28C-F676-4E55-8027-1E8ABAA1851F}.Debug|Win32.ActiveCfg = Debug|Win32
		{090CB28C-F676-4E55-8027-1E8ABAA1851F}.Debug|Win32.Build.0 = Debug|Win32
		{090CB28C-F676-4E55-8027-1E8ABAA1851F}.Release|Win32.ActiveCfg = Release|Win32
		{090CB28C-F676-4E55-8027-1E8ABAA1851F}.Release|Win32.Build.0 = Release|Win32
		{7A36E572-4E06-47C3-8701-CC6542B14AD4}.Debug|Win32.ActiveCfg = Debug|Win32
		{7A36E572-4E06-47C3-8701-CC6542B14AD4}.Debug|Win32.Build.0 = Debug|Win32
		{7A36E572-4E06-47C3-8701-CC6542B14AD4}.Release|Win32.ActiveCfg = Release|Win32
		{7A36E572-4E06-47C3-8701-CC6542B14AD4}.Release|Win32.Build.0 = Release|Win32
		{CEA72C51-454E-4AC6-99F5-5E2E98CECE37}.Debug|Win32.ActiveCfg = Debug|Win32
		{CEA72C51-454E-4AC6-99F5-5E2E98CECE37}.Debug|Win32.Build.0 = Debug|Win32
		{CEA72C51-454E-4AC6-99F5-5E2E98CECE37}.Release|Win32.ActiveCfg = Release|Win32
		{CEA72C51-454E-4AC6-99F5-5E2E98CECE37}.Release|Win32.Build.0 = Release|Win32
		{22136399-7EA1-4C39-8E02-9FAF5D61A4F5}.Debug|Win32.ActiveCfg = Debug|Win32
		{22136399-7EA1-4C39-8E02-9FAF5D61A4F5}.Debug|Win32.Build.0 = Debug|Win32
		{22136399-7EA1-4C39-8E02-9FAF5D61A4F5}.Release|Win32.ActiveCfg = Release|Win32
		{22136399-7EA1-4C39-8E02-9FAF5D61A4F5}.Release|Win32.Build.0 = Release|Win32
		{52689B02-719C-4AE4-B2BB-3E1A285791C1}.Debug|Win32.ActiveCfg = Debug|Win32
		{52689B02-719C-4AE4-B2BB-3E1A285791C1}.Debug|Win32.Build.0 = Debug|Win32
		{52689B02-719C-4AE4-B2BB-3E1A285791C1}.Release|Win32.ActiveCfg = Release|Win32
		{52689B02-719C-4AE4-B2BB-3E1A285791C1}.Release|Win32.Build.0 = Release|Win32
	EndGlobalSection
	GlobalSection(SolutionProperties) = preSolution
		HideSolutionNode = FALSE
	EndGlobalSection
EndGlobal
