<?xml version="1.0" encoding="utf-8"?>
<Project ToolsVersion="4.0" xmlns="http://schemas.microsoft.com/developer/msbuild/2003">
  <ItemGroup>
    <Filter Include="Quelldateien">
      <UniqueIdentifier>{4FC737F1-C7A5-4376-A066-2A32D752A2FF}</UniqueIdentifier>
      <Extensions>cpp;c;cc;cxx;def;odl;idl;hpj;bat;asm;asmx</Extensions>
    </Filter>
    <Filter Include="Headerdateien">
      <UniqueIdentifier>{93995380-89BD-4b04-88EB-625FBE52EBFB}</UniqueIdentifier>
      <Extensions>h;hpp;hxx;hm;inl;inc;xsd</Extensions>
    </Filter>
    <Filter Include="Ressourcendateien">
      <UniqueIdentifier>{67DA6AB6-F800-4c08-8B7A-83BB121AAD01}</UniqueIdentifier>
      <Extensions>rc;ico;cur;bmp;dlg;rc2;rct;bin;rgs;gif;jpg;jpeg;jpe;resx;tiff;tif;png;wav;mfcribbon-ms</Extensions>
    </Filter>
  </ItemGroup>
  <ItemGroup>
    <ClInclude Include="..\..\RhoTools\RhoTools_LinkDef.h">
      <Filter>Headerdateien</Filter>
    </ClInclude>
    <ClInclude Include="..\..\RhoTools\RhoToolsCint.h">
      <Filter>Headerdateien</Filter>
    </ClInclude>
    <ClInclude Include="..\..\RhoTools\TAdd4Vertexer.h">
      <Filter>Headerdateien</Filter>
    </ClInclude>
    <ClInclude Include="..\..\RhoTools\TBooster.h">
      <Filter>Headerdateien</Filter>
    </ClInclude>
    <ClInclude Include="..\..\RhoTools\TBVariables.h">
      <Filter>Headerdateien</Filter>
    </ClInclude>
    <ClInclude Include="..\..\RhoTools\TCandListSort.h">
      <Filter>Headerdateien</Filter>
    </ClInclude>
    <ClInclude Include="..\..\RhoTools\TCandPtr.h">
      <Filter>Headerdateien</Filter>
    </ClInclude>
    <ClInclude Include="..\..\RhoTools\TCandReader.h">
      <Filter>Headerdateien</Filter>
    </ClInclude>
    <ClInclude Include="..\..\RhoTools\TConeMomFlow.h">
      <Filter>Headerdateien</Filter>
    </ClInclude>
    <ClInclude Include="..\..\RhoTools\TCones.h">
      <Filter>Headerdateien</Filter>
    </ClInclude>
    <ClInclude Include="..\..\RhoTools\TDecayMode.h">
      <Filter>Headerdateien</Filter>
    </ClInclude>
    <ClInclude Include="..\..\RhoTools\TDecayTree.h">
      <Filter>Headerdateien</Filter>
    </ClInclude>
    <ClInclude Include="..\..\RhoTools\TDiagVertex.h">
      <Filter>Headerdateien</Filter>
    </ClInclude>
    <ClInclude Include="..\..\RhoTools\TDummyFitter.h">
      <Filter>Headerdateien</Filter>
    </ClInclude>
    <ClInclude Include="..\..\RhoTools\TEventShape.h">
      <Filter>Headerdateien</Filter>
    </ClInclude>
    <ClInclude Include="..\..\RhoTools\TFastCombiner.h">
      <Filter>Headerdateien</Filter>
    </ClInclude>
    <ClInclude Include="..\..\RhoTools\TFindOmittedParticle.h">
      <Filter>Headerdateien</Filter>
    </ClInclude>
    <ClInclude Include="..\..\RhoTools\TFoxWolfMom.h">
      <Filter>Headerdateien</Filter>
    </ClInclude>
    <ClInclude Include="..\..\RhoTools\TFWMoments.h">
      <Filter>Headerdateien</Filter>
    </ClInclude>
    <ClInclude Include="..\..\RhoTools\TLgndrMomFlow.h">
      <Filter>Headerdateien</Filter>
    </ClInclude>
    <ClInclude Include="..\..\RhoTools\TMomTensor.h">
      <Filter>Headerdateien</Filter>
    </ClInclude>
    <ClInclude Include="..\..\RhoTools\TOpAdd4.h">
      <Filter>Headerdateien</Filter>
    </ClInclude>
    <ClInclude Include="..\..\RhoTools\TOpClone.h">
      <Filter>Headerdateien</Filter>
    </ClInclude>
    <ClInclude Include="..\..\RhoTools\TOperator.h">
      <Filter>Headerdateien</Filter>
    </ClInclude>
    <ClInclude Include="..\..\RhoTools\TOperatorBase.h">
      <Filter>Headerdateien</Filter>
    </ClInclude>
    <ClInclude Include="..\..\RhoTools\TOpMakeTree.h">
      <Filter>Headerdateien</Filter>
    </ClInclude>
    <ClInclude Include="..\..\RhoTools\TPrintTree.h">
      <Filter>Headerdateien</Filter>
    </ClInclude>
    <ClInclude Include="..\..\RhoTools\TReadTree.h">
      <Filter>Headerdateien</Filter>
    </ClInclude>
    <ClInclude Include="..\..\RhoTools\TSphericity.h">
      <Filter>Headerdateien</Filter>
    </ClInclude>
    <ClInclude Include="..\..\RhoTools\TThrust.h">
      <Filter>Headerdateien</Filter>
    </ClInclude>
    <ClInclude Include="..\..\RhoTools\TThrustVector.h">
      <Filter>Headerdateien</Filter>
    </ClInclude>
    <ClInclude Include="..\..\RhoTools\TTotalMomentum.h">
      <Filter>Headerdateien</Filter>
    </ClInclude>
    <ClInclude Include="..\..\RhoTools\TTreeNavigator.h">
      <Filter>Headerdateien</Filter>
    </ClInclude>
    <ClInclude Include="..\..\RhoTools\TUnaryOperator.h">
      <Filter>Headerdateien</Filter>
    </ClInclude>
    <ClInclude Include="..\..\RhoTools\VAbsFitter.h">
      <Filter>Headerdateien</Filter>
    </ClInclude>
  </ItemGroup>
  <ItemGroup>
    <ClCompile Include="..\..\RhoTools\RhoToolsCint.cxx">
      <Filter>Quelldateien</Filter>
    </ClCompile>
    <ClCompile Include="..\..\RhoTools\TAdd4Vertexer.cxx">
      <Filter>Quelldateien</Filter>
    </ClCompile>
    <ClCompile Include="..\..\RhoTools\TBooster.cxx">
      <Filter>Quelldateien</Filter>
    </ClCompile>
    <ClCompile Include="..\..\RhoTools\TBVariables.cxx">
      <Filter>Quelldateien</Filter>
    </ClCompile>
    <ClCompile Include="..\..\RhoTools\TCandListSort.cxx">
      <Filter>Quelldateien</Filter>
    </ClCompile>
    <ClCompile Include="..\..\RhoTools\TCandPtr.cxx">
      <Filter>Quelldateien</Filter>
    </ClCompile>
    <ClCompile Include="..\..\RhoTools\TCandReader.cxx">
      <Filter>Quelldateien</Filter>
    </ClCompile>
    <ClCompile Include="..\..\RhoTools\TConeMomFlow.cxx">
      <Filter>Quelldateien</Filter>
    </ClCompile>
    <ClCompile Include="..\..\RhoTools\TCones.cxx">
      <Filter>Quelldateien</Filter>
    </ClCompile>
    <ClCompile Include="..\..\RhoTools\TDecayMode.cxx">
      <Filter>Quelldateien</Filter>
    </ClCompile>
    <ClCompile Include="..\..\RhoTools\TDecayTree.cxx">
      <Filter>Quelldateien</Filter>
    </ClCompile>
    <ClCompile Include="..\..\RhoTools\TDiagVertex.cxx">
      <Filter>Quelldateien</Filter>
    </ClCompile>
    <ClCompile Include="..\..\RhoTools\TDummyFitter.cxx">
      <Filter>Quelldateien</Filter>
    </ClCompile>
    <ClCompile Include="..\..\RhoTools\TEventShape.cxx">
      <Filter>Quelldateien</Filter>
    </ClCompile>
    <ClCompile Include="..\..\RhoTools\TFastCombiner.cxx">
      <Filter>Quelldateien</Filter>
    </ClCompile>
    <ClCompile Include="..\..\RhoTools\TFindOmittedParticle.cxx">
      <Filter>Quelldateien</Filter>
    </ClCompile>
    <ClCompile Include="..\..\RhoTools\TFoxWolfMom.cxx">
      <Filter>Quelldateien</Filter>
    </ClCompile>
    <ClCompile Include="..\..\RhoTools\TFWMoments.cxx">
      <Filter>Quelldateien</Filter>
    </ClCompile>
    <ClCompile Include="..\..\RhoTools\TLgndrMomFlow.cxx">
      <Filter>Quelldateien</Filter>
    </ClCompile>
    <ClCompile Include="..\..\RhoTools\TMomTensor.cxx">
      <Filter>Quelldateien</Filter>
    </ClCompile>
    <ClCompile Include="..\..\RhoTools\TOpAdd4.cxx">
      <Filter>Quelldateien</Filter>
    </ClCompile>
    <ClCompile Include="..\..\RhoTools\TOpClone.cxx">
      <Filter>Quelldateien</Filter>
    </ClCompile>
    <ClCompile Include="..\..\RhoTools\TOperator.cxx">
      <Filter>Quelldateien</Filter>
    </ClCompile>
    <ClCompile Include="..\..\RhoTools\TOperatorBase.cxx">
      <Filter>Quelldateien</Filter>
    </ClCompile>
    <ClCompile Include="..\..\RhoTools\TOpMakeTree.cxx">
      <Filter>Quelldateien</Filter>
    </ClCompile>
    <ClCompile Include="..\..\RhoTools\TPrintTree.cxx">
      <Filter>Quelldateien</Filter>
    </ClCompile>
    <ClCompile Include="..\..\RhoTools\TReadTree.cxx">
      <Filter>Quelldateien</Filter>
    </ClCompile>
    <ClCompile Include="..\..\RhoTools\TSphericity.cxx">
      <Filter>Quelldateien</Filter>
    </ClCompile>
    <ClCompile Include="..\..\RhoTools\TThrust.cxx">
      <Filter>Quelldateien</Filter>
    </ClCompile>
    <ClCompile Include="..\..\RhoTools\TThrustVector.cxx">
      <Filter>Quelldateien</Filter>
    </ClCompile>
    <ClCompile Include="..\..\RhoTools\TTotalMomentum.cxx">
      <Filter>Quelldateien</Filter>
    </ClCompile>
    <ClCompile Include="..\..\RhoTools\TTreeNavigator.cxx">
      <Filter>Quelldateien</Filter>
    </ClCompile>
    <ClCompile Include="..\..\RhoTools\TUnaryOperator.cxx">
      <Filter>Quelldateien</Filter>
    </ClCompile>
    <ClCompile Include="..\..\RhoTools\VAbsFitter.cxx">
      <Filter>Quelldateien</Filter>
    </ClCompile>
  </ItemGroup>
</Project>