<?xml version="1.0" encoding="utf-8"?>
<Project ToolsVersion="4.0" xmlns="http://schemas.microsoft.com/developer/msbuild/2003">
  <ItemGroup>
    <Filter Include="Quelldateien">
      <UniqueIdentifier>{4FC737F1-C7A5-4376-A066-2A32D752A2FF}</UniqueIdentifier>
      <Extensions>cpp;c;cc;cxx;def;odl;idl;hpj;bat;asm;asmx</Extensions>
    </Filter>
    <Filter Include="Headerdateien">
      <UniqueIdentifier>{93995380-89BD-4b04-88EB-625FBE52EBFB}</UniqueIdentifier>
      <Extensions>h;hpp;hxx;hm;inl;inc;xsd</Extensions>
    </Filter>
    <Filter Include="Ressourcendateien">
      <UniqueIdentifier>{67DA6AB6-F800-4c08-8B7A-83BB121AAD01}</UniqueIdentifier>
      <Extensions>rc;ico;cur;bmp;dlg;rc2;rct;bin;rgs;gif;jpg;jpeg;jpe;resx;tiff;tif;png;wav;mfcribbon-ms</Extensions>
    </Filter>
  </ItemGroup>
  <ItemGroup>
    <ClInclude Include="..\..\KangaSchema\BtaAbsVertexR.h">
      <Filter>Headerdateien</Filter>
    </ClInclude>
    <ClInclude Include="..\..\KangaSchema\BtaCandAssocMap.h">
      <Filter>Headerdateien</Filter>
    </ClInclude>
    <ClInclude Include="..\..\KangaSchema\BtaCandAssocMapR.h">
      <Filter>Headerdateien</Filter>
    </ClInclude>
    <ClInclude Include="..\..\KangaSchema\BtaCandidateR.h">
      <Filter>Headerdateien</Filter>
    </ClInclude>
    <ClInclude Include="..\..\KangaSchema\BtaCandListR.h">
      <Filter>Headerdateien</Filter>
    </ClInclude>
    <ClInclude Include="..\..\KangaSchema\BtaCandListR_001.h">
      <Filter>Headerdateien</Filter>
    </ClInclude>
    <ClInclude Include="..\..\KangaSchema\BtaCandPtrR.h">
      <Filter>Headerdateien</Filter>
    </ClInclude>
    <ClInclude Include="..\..\KangaSchema\BtaClonedCandR_000.h">
      <Filter>Headerdateien</Filter>
    </ClInclude>
    <ClInclude Include="..\..\KangaSchema\BtaClonedCompositeCandR_000.h">
      <Filter>Headerdateien</Filter>
    </ClInclude>
    <ClInclude Include="..\..\KangaSchema\BtaCompositeCandR_000.h">
      <Filter>Headerdateien</Filter>
    </ClInclude>
    <ClInclude Include="..\..\KangaSchema\BtaFitParamsR.h">
      <Filter>Headerdateien</Filter>
    </ClInclude>
    <ClInclude Include="..\..\KangaSchema\BtaFitParamsR_002.h">
      <Filter>Headerdateien</Filter>
    </ClInclude>
    <ClInclude Include="..\..\KangaSchema\BtaMicroCandidate.h">
      <Filter>Headerdateien</Filter>
    </ClInclude>
    <ClInclude Include="..\..\KangaSchema\BtaMicroCandR.h">
      <Filter>Headerdateien</Filter>
    </ClInclude>
    <ClInclude Include="..\..\KangaSchema\BtaMicroCandR_001.h">
      <Filter>Headerdateien</Filter>
    </ClInclude>
    <ClInclude Include="..\..\KangaSchema\BtaMicroCandR_002.h">
      <Filter>Headerdateien</Filter>
    </ClInclude>
    <ClInclude Include="..\..\KangaSchema\BtaMicroCandR_003.h">
      <Filter>Headerdateien</Filter>
    </ClInclude>
    <ClInclude Include="..\..\KangaSchema\BtaMicroCandR_004.h">
      <Filter>Headerdateien</Filter>
    </ClInclude>
    <ClInclude Include="..\..\KangaSchema\BtaMicroCandR_005.h">
      <Filter>Headerdateien</Filter>
    </ClInclude>
    <ClInclude Include="..\..\KangaSchema\ComPackBase.h">
      <Filter>Headerdateien</Filter>
    </ClInclude>
    <ClInclude Include="..\..\KangaSchema\ComPackExpFloat.h">
      <Filter>Headerdateien</Filter>
    </ClInclude>
    <ClInclude Include="..\..\KangaSchema\ComPackFlatFloat.h">
      <Filter>Headerdateien</Filter>
    </ClInclude>
    <ClInclude Include="..\..\KangaSchema\ComPackFloat.h">
      <Filter>Headerdateien</Filter>
    </ClInclude>
    <ClInclude Include="..\..\KangaSchema\ComPackNonFlatFloat.h">
      <Filter>Headerdateien</Filter>
    </ClInclude>
    <ClInclude Include="..\..\KangaSchema\ComPackUFloat.h">
      <Filter>Headerdateien</Filter>
    </ClInclude>
    <ClInclude Include="..\..\KangaSchema\EidInfoR.h">
      <Filter>Headerdateien</Filter>
    </ClInclude>
    <ClInclude Include="..\..\KangaSchema\kanga.h">
      <Filter>Headerdateien</Filter>
    </ClInclude>
    <ClInclude Include="..\..\KangaSchema\KangaReader.h">
      <Filter>Headerdateien</Filter>
    </ClInclude>
    <ClInclude Include="..\..\KangaSchema\KangaSchema_LinkDef.h">
      <Filter>Headerdateien</Filter>
    </ClInclude>
    <ClInclude Include="..\..\KangaSchema\KangaSchemaCint.h">
      <Filter>Headerdateien</Filter>
    </ClInclude>
    <ClInclude Include="..\..\KangaSchema\RooClonesClassObj.h">
      <Filter>Headerdateien</Filter>
    </ClInclude>
    <ClInclude Include="..\..\KangaSchema\RooClonesVectorI.h">
      <Filter>Headerdateien</Filter>
    </ClInclude>
    <ClInclude Include="..\..\KangaSchema\RooClonesVectorR.h">
      <Filter>Headerdateien</Filter>
    </ClInclude>
    <ClInclude Include="..\..\KangaSchema\RooEvtObj.h">
      <Filter>Headerdateien</Filter>
    </ClInclude>
    <ClInclude Include="..\..\KangaSchema\RooPersObj.h">
      <Filter>Headerdateien</Filter>
    </ClInclude>
    <ClInclude Include="..\..\KangaSchema\RooRef.h">
      <Filter>Headerdateien</Filter>
    </ClInclude>
    <ClInclude Include="..\..\KangaSchema\RooValArray.h">
      <Filter>Headerdateien</Filter>
    </ClInclude>
    <ClInclude Include="..\..\KangaSchema\StdHepR.h">
      <Filter>Headerdateien</Filter>
    </ClInclude>
    <ClInclude Include="..\..\KangaSchema\StdHepTrkR.h">
      <Filter>Headerdateien</Filter>
    </ClInclude>
    <ClInclude Include="..\..\KangaSchema\TBtaCalQualR.h">
      <Filter>Headerdateien</Filter>
    </ClInclude>
    <ClInclude Include="..\..\KangaSchema\TBtaFitParamsR.h">
      <Filter>Headerdateien</Filter>
    </ClInclude>
    <ClInclude Include="..\..\KangaSchema\TBtaFitParamsR_001.h">
      <Filter>Headerdateien</Filter>
    </ClInclude>
    <ClInclude Include="..\..\KangaSchema\TBtaIfrQualR.h">
      <Filter>Headerdateien</Filter>
    </ClInclude>
    <ClInclude Include="..\..\KangaSchema\TBtaMicroCandR.h">
      <Filter>Headerdateien</Filter>
    </ClInclude>
    <ClInclude Include="..\..\KangaSchema\TBtaPidInfoR.h">
      <Filter>Headerdateien</Filter>
    </ClInclude>
    <ClInclude Include="..\..\KangaSchema\TBtaPidQualR.h">
      <Filter>Headerdateien</Filter>
    </ClInclude>
    <ClInclude Include="..\..\KangaSchema\TBtaTrkQualR.h">
      <Filter>Headerdateien</Filter>
    </ClInclude>
    <ClInclude Include="..\..\KangaSchema\VtxVertexR.h">
      <Filter>Headerdateien</Filter>
    </ClInclude>
  </ItemGroup>
  <ItemGroup>
    <ClCompile Include="..\..\KangaSchema\BtaAbsVertexR.cxx">
      <Filter>Quelldateien</Filter>
    </ClCompile>
    <ClCompile Include="..\..\KangaSchema\BtaCandAssocMapR.cxx">
      <Filter>Quelldateien</Filter>
    </ClCompile>
    <ClCompile Include="..\..\KangaSchema\BtaCandidateR.cxx">
      <Filter>Quelldateien</Filter>
    </ClCompile>
    <ClCompile Include="..\..\KangaSchema\BtaCandListR.cxx">
      <Filter>Quelldateien</Filter>
    </ClCompile>
    <ClCompile Include="..\..\KangaSchema\BtaCandListR_001.cxx">
      <Filter>Quelldateien</Filter>
    </ClCompile>
    <ClCompile Include="..\..\KangaSchema\BtaCandPtrR.cxx">
      <Filter>Quelldateien</Filter>
    </ClCompile>
    <ClCompile Include="..\..\KangaSchema\BtaClonedCandR_000.cxx">
      <Filter>Quelldateien</Filter>
    </ClCompile>
    <ClCompile Include="..\..\KangaSchema\BtaClonedCompositeCandR_000.cxx">
      <Filter>Quelldateien</Filter>
    </ClCompile>
    <ClCompile Include="..\..\KangaSchema\BtaCompositeCandR_000.cxx">
      <Filter>Quelldateien</Filter>
    </ClCompile>
    <ClCompile Include="..\..\KangaSchema\BtaFitParamsR.cxx">
      <Filter>Quelldateien</Filter>
    </ClCompile>
    <ClCompile Include="..\..\KangaSchema\BtaFitParamsR_002.cxx">
      <Filter>Quelldateien</Filter>
    </ClCompile>
    <ClCompile Include="..\..\KangaSchema\BtaMicroCandidate.cxx">
      <Filter>Quelldateien</Filter>
    </ClCompile>
    <ClCompile Include="..\..\KangaSchema\BtaMicroCandR.cxx">
      <Filter>Quelldateien</Filter>
    </ClCompile>
    <ClCompile Include="..\..\KangaSchema\BtaMicroCandR_001.cxx">
      <Filter>Quelldateien</Filter>
    </ClCompile>
    <ClCompile Include="..\..\KangaSchema\BtaMicroCandR_002.cxx">
      <Filter>Quelldateien</Filter>
    </ClCompile>
    <ClCompile Include="..\..\KangaSchema\BtaMicroCandR_003.cxx">
      <Filter>Quelldateien</Filter>
    </ClCompile>
    <ClCompile Include="..\..\KangaSchema\BtaMicroCandR_004.cxx">
      <Filter>Quelldateien</Filter>
    </ClCompile>
    <ClCompile Include="..\..\KangaSchema\BtaMicroCandR_005.cxx">
      <Filter>Quelldateien</Filter>
    </ClCompile>
    <ClCompile Include="..\..\KangaSchema\ComPackBase.cxx">
      <Filter>Quelldateien</Filter>
    </ClCompile>
    <ClCompile Include="..\..\KangaSchema\ComPackExpFloat.cxx">
      <Filter>Quelldateien</Filter>
    </ClCompile>
    <ClCompile Include="..\..\KangaSchema\ComPackFlatFloat.cxx">
      <Filter>Quelldateien</Filter>
    </ClCompile>
    <ClCompile Include="..\..\KangaSchema\ComPackFloat.cxx">
      <Filter>Quelldateien</Filter>
    </ClCompile>
    <ClCompile Include="..\..\KangaSchema\ComPackNonFlatFloat.cxx">
      <Filter>Quelldateien</Filter>
    </ClCompile>
    <ClCompile Include="..\..\KangaSchema\ComPackUFloat.cxx">
      <Filter>Quelldateien</Filter>
    </ClCompile>
    <ClCompile Include="..\..\KangaSchema\EidInfoR.cxx">
      <Filter>Quelldateien</Filter>
    </ClCompile>
    <ClCompile Include="..\..\KangaSchema\kanga.cxx">
      <Filter>Quelldateien</Filter>
    </ClCompile>
    <ClCompile Include="..\..\KangaSchema\KangaReader.cxx">
      <Filter>Quelldateien</Filter>
    </ClCompile>
    <ClCompile Include="..\..\KangaSchema\KangaSchemaCint.cxx">
      <Filter>Quelldateien</Filter>
    </ClCompile>
    <ClCompile Include="..\..\KangaSchema\RooClonesClassObj.cxx">
      <Filter>Quelldateien</Filter>
    </ClCompile>
    <ClCompile Include="..\..\KangaSchema\RooClonesVectorI.cxx">
      <Filter>Quelldateien</Filter>
    </ClCompile>
    <ClCompile Include="..\..\KangaSchema\RooClonesVectorR.cxx">
      <Filter>Quelldateien</Filter>
    </ClCompile>
    <ClCompile Include="..\..\KangaSchema\RooEvtObj.cxx">
      <Filter>Quelldateien</Filter>
    </ClCompile>
    <ClCompile Include="..\..\KangaSchema\RooPersObj.cxx">
      <Filter>Quelldateien</Filter>
    </ClCompile>
    <ClCompile Include="..\..\KangaSchema\RooRef.cxx">
      <Filter>Quelldateien</Filter>
    </ClCompile>
    <ClCompile Include="..\..\KangaSchema\RooValArray.cxx">
      <Filter>Quelldateien</Filter>
    </ClCompile>
    <ClCompile Include="..\..\KangaSchema\StdHepR.cxx">
      <Filter>Quelldateien</Filter>
    </ClCompile>
    <ClCompile Include="..\..\KangaSchema\StdHepTrkR.cxx">
      <Filter>Quelldateien</Filter>
    </ClCompile>
    <ClCompile Include="..\..\KangaSchema\TBtaCalQualR.cxx">
      <Filter>Quelldateien</Filter>
    </ClCompile>
    <ClCompile Include="..\..\KangaSchema\TBtaFitParamsR.cxx">
      <Filter>Quelldateien</Filter>
    </ClCompile>
    <ClCompile Include="..\..\KangaSchema\TBtaFitParamsR_001.cxx">
      <Filter>Quelldateien</Filter>
    </ClCompile>
    <ClCompile Include="..\..\KangaSchema\TBtaIfrQualR.cxx">
      <Filter>Quelldateien</Filter>
    </ClCompile>
    <ClCompile Include="..\..\KangaSchema\TBtaMicroCandR.cxx">
      <Filter>Quelldateien</Filter>
    </ClCompile>
    <ClCompile Include="..\..\KangaSchema\TBtaPidInfoR.cxx">
      <Filter>Quelldateien</Filter>
    </ClCompile>
    <ClCompile Include="..\..\KangaSchema\TBtaPidQualR.cxx">
      <Filter>Quelldateien</Filter>
    </ClCompile>
    <ClCompile Include="..\..\KangaSchema\TBtaTrkQualR.cxx">
      <Filter>Quelldateien</Filter>
    </ClCompile>
    <ClCompile Include="..\..\KangaSchema\VtxVertexR.cxx">
      <Filter>Quelldateien</Filter>
    </ClCompile>
  </ItemGroup>
</Project>