<?xml version="1.0" encoding="utf-8"?>
<Project ToolsVersion="4.0" xmlns="http://schemas.microsoft.com/developer/msbuild/2003">
  <ItemGroup>
    <Filter Include="Quelldateien">
      <UniqueIdentifier>{4FC737F1-C7A5-4376-A066-2A32D752A2FF}</UniqueIdentifier>
      <Extensions>cpp;c;cc;cxx;def;odl;idl;hpj;bat;asm;asmx</Extensions>
    </Filter>
    <Filter Include="Headerdateien">
      <UniqueIdentifier>{93995380-89BD-4b04-88EB-625FBE52EBFB}</UniqueIdentifier>
      <Extensions>h;hpp;hxx;hm;inl;inc;xsd</Extensions>
    </Filter>
    <Filter Include="Ressourcendateien">
      <UniqueIdentifier>{67DA6AB6-F800-4c08-8B7A-83BB121AAD01}</UniqueIdentifier>
      <Extensions>rc;ico;cur;bmp;dlg;rc2;rct;bin;rgs;gif;jpg;jpeg;jpe;resx;tiff;tif;png;wav;mfcribbon-ms</Extensions>
    </Filter>
  </ItemGroup>
  <ItemGroup>
    <ClInclude Include="..\..\RhoManager\RhoManager_LinkDef.h">
      <Filter>Headerdateien</Filter>
    </ClInclude>
    <ClInclude Include="..\..\RhoManager\RhoManagerCint.h">
      <Filter>Headerdateien</Filter>
    </ClInclude>
    <ClInclude Include="..\..\RhoManager\TAnalysis.h">
      <Filter>Headerdateien</Filter>
    </ClInclude>
    <ClInclude Include="..\..\RhoManager\TAssociator.h">
      <Filter>Headerdateien</Filter>
    </ClInclude>
    <ClInclude Include="..\..\RhoManager\TCacheManager.h">
      <Filter>Headerdateien</Filter>
    </ClInclude>
    <ClInclude Include="..\..\RhoManager\TCandListManager.h">
      <Filter>Headerdateien</Filter>
    </ClInclude>
    <ClInclude Include="..\..\RhoManager\TDataBlock.h">
      <Filter>Headerdateien</Filter>
    </ClInclude>
    <ClInclude Include="..\..\RhoManager\TDirectoryManager.h">
      <Filter>Headerdateien</Filter>
    </ClInclude>
    <ClInclude Include="..\..\RhoManager\TEventBlock.h">
      <Filter>Headerdateien</Filter>
    </ClInclude>
    <ClInclude Include="..\..\RhoManager\TEventCollection.h">
      <Filter>Headerdateien</Filter>
    </ClInclude>
    <ClInclude Include="..\..\RhoManager\TEventManager.h">
      <Filter>Headerdateien</Filter>
    </ClInclude>
    <ClInclude Include="..\..\RhoManager\TEventWriter.h">
      <Filter>Headerdateien</Filter>
    </ClInclude>
    <ClInclude Include="..\..\RhoManager\TFileInfo.h">
      <Filter>Headerdateien</Filter>
    </ClInclude>
    <ClInclude Include="..\..\RhoManager\TIndexCollection.h">
      <Filter>Headerdateien</Filter>
    </ClInclude>
    <ClInclude Include="..\..\RhoManager\TLogInfo.h">
      <Filter>Headerdateien</Filter>
    </ClInclude>
    <ClInclude Include="..\..\RhoManager\TLogReader.h">
      <Filter>Headerdateien</Filter>
    </ClInclude>
    <ClInclude Include="..\..\RhoManager\TModule.h">
      <Filter>Headerdateien</Filter>
    </ClInclude>
    <ClInclude Include="..\..\RhoManager\TNamedPtr.h">
      <Filter>Headerdateien</Filter>
    </ClInclude>
    <ClInclude Include="..\..\RhoManager\TObjectManager.h">
      <Filter>Headerdateien</Filter>
    </ClInclude>
    <ClInclude Include="..\..\RhoManager\TParameterManager.h">
      <Filter>Headerdateien</Filter>
    </ClInclude>
    <ClInclude Include="..\..\RhoManager\TPersistenceManager.h">
      <Filter>Headerdateien</Filter>
    </ClInclude>
    <ClInclude Include="..\..\RhoManager\TRunCollection.h">
      <Filter>Headerdateien</Filter>
    </ClInclude>
    <ClInclude Include="..\..\RhoManager\TRunDB.h">
      <Filter>Headerdateien</Filter>
    </ClInclude>
    <ClInclude Include="..\..\RhoManager\TRunInfo.h">
      <Filter>Headerdateien</Filter>
    </ClInclude>
  </ItemGroup>
  <ItemGroup>
    <ClCompile Include="..\..\RhoManager\RhoManagerCint.cxx">
      <Filter>Quelldateien</Filter>
    </ClCompile>
    <ClCompile Include="..\..\RhoManager\TAnalysis.cxx">
      <Filter>Quelldateien</Filter>
    </ClCompile>
    <ClCompile Include="..\..\RhoManager\TAssociator.cxx">
      <Filter>Quelldateien</Filter>
    </ClCompile>
    <ClCompile Include="..\..\RhoManager\TCacheManager.cxx">
      <Filter>Quelldateien</Filter>
    </ClCompile>
    <ClCompile Include="..\..\RhoManager\TCandListManager.cxx">
      <Filter>Quelldateien</Filter>
    </ClCompile>
    <ClCompile Include="..\..\RhoManager\TDataBlock.cxx">
      <Filter>Quelldateien</Filter>
    </ClCompile>
    <ClCompile Include="..\..\RhoManager\TDirectoryManager.cxx">
      <Filter>Quelldateien</Filter>
    </ClCompile>
    <ClCompile Include="..\..\RhoManager\TEventBlock.cxx">
      <Filter>Quelldateien</Filter>
    </ClCompile>
    <ClCompile Include="..\..\RhoManager\TEventCollection.cxx">
      <Filter>Quelldateien</Filter>
    </ClCompile>
    <ClCompile Include="..\..\RhoManager\TEventManager.cxx">
      <Filter>Quelldateien</Filter>
    </ClCompile>
    <ClCompile Include="..\..\RhoManager\TEventWriter.cxx">
      <Filter>Quelldateien</Filter>
    </ClCompile>
    <ClCompile Include="..\..\RhoManager\TFileInfo.cxx">
      <Filter>Quelldateien</Filter>
    </ClCompile>
    <ClCompile Include="..\..\RhoManager\TIndexCollection.cxx">
      <Filter>Quelldateien</Filter>
    </ClCompile>
    <ClCompile Include="..\..\RhoManager\TLogInfo.cxx">
      <Filter>Quelldateien</Filter>
    </ClCompile>
    <ClCompile Include="..\..\RhoManager\TLogReader.cxx">
      <Filter>Quelldateien</Filter>
    </ClCompile>
    <ClCompile Include="..\..\RhoManager\TModule.cxx">
      <Filter>Quelldateien</Filter>
    </ClCompile>
    <ClCompile Include="..\..\RhoManager\TObjectManager.cxx">
      <Filter>Quelldateien</Filter>
    </ClCompile>
    <ClCompile Include="..\..\RhoManager\TParameterManager.cxx">
      <Filter>Quelldateien</Filter>
    </ClCompile>
    <ClCompile Include="..\..\RhoManager\TPersistenceManager.cxx">
      <Filter>Quelldateien</Filter>
    </ClCompile>
    <ClCompile Include="..\..\RhoManager\TRunCollection.cxx">
      <Filter>Quelldateien</Filter>
    </ClCompile>
    <ClCompile Include="..\..\RhoManager\TRunDB.cxx">
      <Filter>Quelldateien</Filter>
    </ClCompile>
    <ClCompile Include="..\..\RhoManager\TRunInfo.cxx">
      <Filter>Quelldateien</Filter>
    </ClCompile>
  </ItemGroup>
</Project>