<?xml version="1.0" encoding="utf-8"?>
<Project ToolsVersion="4.0" xmlns="http://schemas.microsoft.com/developer/msbuild/2003">
  <ItemGroup>
    <Filter Include="Quelldateien">
      <UniqueIdentifier>{4FC737F1-C7A5-4376-A066-2A32D752A2FF}</UniqueIdentifier>
      <Extensions>cpp;c;cc;cxx;def;odl;idl;hpj;bat;asm;asmx</Extensions>
    </Filter>
    <Filter Include="Headerdateien">
      <UniqueIdentifier>{93995380-89BD-4b04-88EB-625FBE52EBFB}</UniqueIdentifier>
      <Extensions>h;hpp;hxx;hm;inl;inc;xsd</Extensions>
    </Filter>
    <Filter Include="Ressourcendateien">
      <UniqueIdentifier>{67DA6AB6-F800-4c08-8B7A-83BB121AAD01}</UniqueIdentifier>
      <Extensions>rc;ico;cur;bmp;dlg;rc2;rct;bin;rgs;gif;jpg;jpeg;jpe;resx;tiff;tif;png;wav;mfcribbon-ms</Extensions>
    </Filter>
  </ItemGroup>
  <ItemGroup>
    <ClInclude Include="..\..\RhoGA\ga.h">
      <Filter>Headerdateien</Filter>
    </ClInclude>
    <ClInclude Include="..\..\RhoGA\GA1DArrayGenome.h">
      <Filter>Headerdateien</Filter>
    </ClInclude>
    <ClInclude Include="..\..\RhoGA\GA1DBinStrGenome.h">
      <Filter>Headerdateien</Filter>
    </ClInclude>
    <ClInclude Include="..\..\RhoGA\GA2DArrayGenome.h">
      <Filter>Headerdateien</Filter>
    </ClInclude>
    <ClInclude Include="..\..\RhoGA\GA2DBinStrGenome.h">
      <Filter>Headerdateien</Filter>
    </ClInclude>
    <ClInclude Include="..\..\RhoGA\GA3DArrayGenome.h">
      <Filter>Headerdateien</Filter>
    </ClInclude>
    <ClInclude Include="..\..\RhoGA\GA3DBinStrGenome.h">
      <Filter>Headerdateien</Filter>
    </ClInclude>
    <ClInclude Include="..\..\RhoGA\GAAllele.h">
      <Filter>Headerdateien</Filter>
    </ClInclude>
    <ClInclude Include="..\..\RhoGA\GAArray.h">
      <Filter>Headerdateien</Filter>
    </ClInclude>
    <ClInclude Include="..\..\RhoGA\GABaseGA.h">
      <Filter>Headerdateien</Filter>
    </ClInclude>
    <ClInclude Include="..\..\RhoGA\GABin2DecGenome.h">
      <Filter>Headerdateien</Filter>
    </ClInclude>
    <ClInclude Include="..\..\RhoGA\gabincvt.h">
      <Filter>Headerdateien</Filter>
    </ClInclude>
    <ClInclude Include="..\..\RhoGA\GABinStr.h">
      <Filter>Headerdateien</Filter>
    </ClInclude>
    <ClInclude Include="..\..\RhoGA\gaconfig.h">
      <Filter>Headerdateien</Filter>
    </ClInclude>
    <ClInclude Include="..\..\RhoGA\GADCrowdingGA.h">
      <Filter>Headerdateien</Filter>
    </ClInclude>
    <ClInclude Include="..\..\RhoGA\GADemeGA.h">
      <Filter>Headerdateien</Filter>
    </ClInclude>
    <ClInclude Include="..\..\RhoGA\gaerror.h">
      <Filter>Headerdateien</Filter>
    </ClInclude>
    <ClInclude Include="..\..\RhoGA\GAEvalData.h">
      <Filter>Headerdateien</Filter>
    </ClInclude>
    <ClInclude Include="..\..\RhoGA\GAGenome.h">
      <Filter>Headerdateien</Filter>
    </ClInclude>
    <ClInclude Include="..\..\RhoGA\gaid.h">
      <Filter>Headerdateien</Filter>
    </ClInclude>
    <ClInclude Include="..\..\RhoGA\GAIncGA.h">
      <Filter>Headerdateien</Filter>
    </ClInclude>
    <ClInclude Include="..\..\RhoGA\GAList.h">
      <Filter>Headerdateien</Filter>
    </ClInclude>
    <ClInclude Include="..\..\RhoGA\GAListBASE.h">
      <Filter>Headerdateien</Filter>
    </ClInclude>
    <ClInclude Include="..\..\RhoGA\GAListGenome.h">
      <Filter>Headerdateien</Filter>
    </ClInclude>
    <ClInclude Include="..\..\RhoGA\GAMask.h">
      <Filter>Headerdateien</Filter>
    </ClInclude>
    <ClInclude Include="..\..\RhoGA\GANode.h">
      <Filter>Headerdateien</Filter>
    </ClInclude>
    <ClInclude Include="..\..\RhoGA\GAParameter.h">
      <Filter>Headerdateien</Filter>
    </ClInclude>
    <ClInclude Include="..\..\RhoGA\GAPopulation.h">
      <Filter>Headerdateien</Filter>
    </ClInclude>
    <ClInclude Include="..\..\RhoGA\garandom.h">
      <Filter>Headerdateien</Filter>
    </ClInclude>
    <ClInclude Include="..\..\RhoGA\GARealGenome.h">
      <Filter>Headerdateien</Filter>
    </ClInclude>
    <ClInclude Include="..\..\RhoGA\GAScaling.h">
      <Filter>Headerdateien</Filter>
    </ClInclude>
    <ClInclude Include="..\..\RhoGA\GASelector.h">
      <Filter>Headerdateien</Filter>
    </ClInclude>
    <ClInclude Include="..\..\RhoGA\GASimpleGA.h">
      <Filter>Headerdateien</Filter>
    </ClInclude>
    <ClInclude Include="..\..\RhoGA\GASStateGA.h">
      <Filter>Headerdateien</Filter>
    </ClInclude>
    <ClInclude Include="..\..\RhoGA\GAStatistics.h">
      <Filter>Headerdateien</Filter>
    </ClInclude>
    <ClInclude Include="..\..\RhoGA\GAStringGenome.h">
      <Filter>Headerdateien</Filter>
    </ClInclude>
    <ClInclude Include="..\..\RhoGA\GATree.h">
      <Filter>Headerdateien</Filter>
    </ClInclude>
    <ClInclude Include="..\..\RhoGA\GATreeBASE.h">
      <Filter>Headerdateien</Filter>
    </ClInclude>
    <ClInclude Include="..\..\RhoGA\GATreeGenome.h">
      <Filter>Headerdateien</Filter>
    </ClInclude>
    <ClInclude Include="..\..\RhoGA\gatypes.h">
      <Filter>Headerdateien</Filter>
    </ClInclude>
    <ClInclude Include="..\..\RhoGA\gaversion.h">
      <Filter>Headerdateien</Filter>
    </ClInclude>
    <ClInclude Include="..\..\RhoGA\RhoGA_LinkDef.h">
      <Filter>Headerdateien</Filter>
    </ClInclude>
  </ItemGroup>
  <ItemGroup>
    <ClCompile Include="..\..\RhoGA\GA1DArrayGenome.cxx">
      <Filter>Quelldateien</Filter>
    </ClCompile>
    <ClCompile Include="..\..\RhoGA\GA1DBinStrGenome.cxx">
      <Filter>Quelldateien</Filter>
    </ClCompile>
    <ClCompile Include="..\..\RhoGA\GA2DArrayGenome.cxx">
      <Filter>Quelldateien</Filter>
    </ClCompile>
    <ClCompile Include="..\..\RhoGA\GA2DBinStrGenome.cxx">
      <Filter>Quelldateien</Filter>
    </ClCompile>
    <ClCompile Include="..\..\RhoGA\GA3DArrayGenome.cxx">
      <Filter>Quelldateien</Filter>
    </ClCompile>
    <ClCompile Include="..\..\RhoGA\GA3DBinStrGenome.cxx">
      <Filter>Quelldateien</Filter>
    </ClCompile>
    <ClCompile Include="..\..\RhoGA\GAAllele.cxx">
      <Filter>Quelldateien</Filter>
    </ClCompile>
    <ClCompile Include="..\..\RhoGA\GABaseGA.cxx">
      <Filter>Quelldateien</Filter>
    </ClCompile>
    <ClCompile Include="..\..\RhoGA\GABin2DecGenome.cxx">
      <Filter>Quelldateien</Filter>
    </ClCompile>
    <ClCompile Include="..\..\RhoGA\gabincvt.cxx">
      <Filter>Quelldateien</Filter>
    </ClCompile>
    <ClCompile Include="..\..\RhoGA\GABinStr.cxx">
      <Filter>Quelldateien</Filter>
    </ClCompile>
    <ClCompile Include="..\..\RhoGA\GADCrowdingGA.cxx">
      <Filter>Quelldateien</Filter>
    </ClCompile>
    <ClCompile Include="..\..\RhoGA\GADemeGA.cxx">
      <Filter>Quelldateien</Filter>
    </ClCompile>
    <ClCompile Include="..\..\RhoGA\gaerror.cxx">
      <Filter>Quelldateien</Filter>
    </ClCompile>
    <ClCompile Include="..\..\RhoGA\GAGenome.cxx">
      <Filter>Quelldateien</Filter>
    </ClCompile>
    <ClCompile Include="..\..\RhoGA\GAIncGA.cxx">
      <Filter>Quelldateien</Filter>
    </ClCompile>
    <ClCompile Include="..\..\RhoGA\GAList.cxx">
      <Filter>Quelldateien</Filter>
    </ClCompile>
    <ClCompile Include="..\..\RhoGA\GAListBASE.cxx">
      <Filter>Quelldateien</Filter>
    </ClCompile>
    <ClCompile Include="..\..\RhoGA\GAListGenome.cxx">
      <Filter>Quelldateien</Filter>
    </ClCompile>
    <ClCompile Include="..\..\RhoGA\GAParameter.cxx">
      <Filter>Quelldateien</Filter>
    </ClCompile>
    <ClCompile Include="..\..\RhoGA\GAPopulation.cxx">
      <Filter>Quelldateien</Filter>
    </ClCompile>
    <ClCompile Include="..\..\RhoGA\garandom.cxx">
      <Filter>Quelldateien</Filter>
    </ClCompile>
    <ClCompile Include="..\..\RhoGA\GARealGenome.cxx">
      <Filter>Quelldateien</Filter>
    </ClCompile>
    <ClCompile Include="..\..\RhoGA\GAScaling.cxx">
      <Filter>Quelldateien</Filter>
    </ClCompile>
    <ClCompile Include="..\..\RhoGA\GASelector.cxx">
      <Filter>Quelldateien</Filter>
    </ClCompile>
    <ClCompile Include="..\..\RhoGA\GASimpleGA.cxx">
      <Filter>Quelldateien</Filter>
    </ClCompile>
    <ClCompile Include="..\..\RhoGA\GASStateGA.cxx">
      <Filter>Quelldateien</Filter>
    </ClCompile>
    <ClCompile Include="..\..\RhoGA\GAStatistics.cxx">
      <Filter>Quelldateien</Filter>
    </ClCompile>
    <ClCompile Include="..\..\RhoGA\GAStringGenome.cxx">
      <Filter>Quelldateien</Filter>
    </ClCompile>
    <ClCompile Include="..\..\RhoGA\GATree.cxx">
      <Filter>Quelldateien</Filter>
    </ClCompile>
    <ClCompile Include="..\..\RhoGA\GATreeBASE.cxx">
      <Filter>Quelldateien</Filter>
    </ClCompile>
    <ClCompile Include="..\..\RhoGA\GATreeGenome.cxx">
      <Filter>Quelldateien</Filter>
    </ClCompile>
  </ItemGroup>
</Project>